
Microsoft Visual Studio Solution File, Format Version 12.00
# Visual Studio Version 17
VisualStudioVersion = 17.3.32825.248
MinimumVisualStudioVersion = 10.0.40219.1
Project("{8BC9CEB8-8B4A-11D0-8D11-00A0C91BC942}") = "Figure", "Figure\Figure.vcxproj", "{F74603D8-BB03-4ED8-ABAC-403CBCB9B1EE}"
EndProject
Global
	GlobalSection(SolutionConfigurationPlatforms) = preSolution
		Debug|x64 = Debug|x64
		Debug|x86 = Debug|x86
		Release|x64 = Release|x64
		Release|x86 = Release|x86
	EndGlobalSection
	GlobalSection(ProjectConfigurationPlatforms) = postSolution
		{F74603D8-BB03-4ED8-ABAC-403CBCB9B1EE}.Debug|x64.ActiveCfg = Debug|x64
		{F74603D8-BB03-4ED8-ABAC-403CBCB9B1EE}.Debug|x64.Build.0 = Debug|x64
		{F74603D8-BB03-4ED8-ABAC-403CBCB9B1EE}.Debug|x86.ActiveCfg = Debug|Win32
		{F74603D8-BB03-4ED8-ABAC-403CBCB9B1EE}.Debug|x86.Build.0 = Debug|Win32
		{F74603D8-BB03-4ED8-ABAC-403CBCB9B1EE}.Release|x64.ActiveCfg = Release|x64
		{F74603D8-BB03-4ED8-ABAC-403CBCB9B1EE}.Release|x64.Build.0 = Release|x64
		{F74603D8-BB03-4ED8-ABAC-403CBCB9B1EE}.Release|x86.ActiveCfg = Release|Win32
		{F74603D8-BB03-4ED8-ABAC-403CBCB9B1EE}.Release|x86.Build.0 = Release|Win32
	EndGlobalSection
	GlobalSection(SolutionProperties) = preSolution
		HideSolutionNode = FALSE
	EndGlobalSection
	GlobalSection(ExtensibilityGlobals) = postSolution
		SolutionGuid = {A08AD538-F698-48DC-BD45-EF08C7D043F0}
	EndGlobalSection
EndGlobal
